<Solution>
  <Folder Name="/src/">
    <Project Path="src/ProductionApi.Api/ProductionApi.Api.csproj" />
    <Project Path="src/ProductionApi.Application/ProductionApi.Application.csproj" />
    <Project Path="src/ProductionApi.Domain/ProductionApi.Domain.csproj" />
    <Project Path="src/ProductionApi.Infrastructure/ProductionApi.Infrastructure.csproj" />
  </Folder>
  <Folder Name="/tests/">
    <Project Path="tests/ProductionApi.Api.IntegrationTests/ProductionApi.Api.IntegrationTests.csproj" />
    <Project Path="tests/ProductionApi.Application.UnitTests/ProductionApi.Application.UnitTests.csproj" />
  </Folder>
</Solution>
